
Microsoft Visual Studio Solution File, Format Version 12.00
# Visual Studio Version 17
VisualStudioVersion = 17.11.35312.102
MinimumVisualStudioVersion = 10.0.40219.1
Project("{FAE04EC0-301F-11D3-BF4B-00C04F79EFBC}") = "Colas_consola", "Colas_consola.csproj", "{1DA8953F-CCBE-483B-BEC9-DEB22E4DEB46}"
EndProject
Global
	GlobalSection(SolutionConfigurationPlatforms) = preSolution
		Debug|Any CPU = Debug|Any CPU
		Release|Any CPU = Release|Any CPU
	EndGlobalSection
	GlobalSection(ProjectConfigurationPlatforms) = postSolution
		{1DA8953F-CCBE-483B-BEC9-DEB22E4DEB46}.Debug|Any CPU.ActiveCfg = Debug|Any CPU
		{1DA8953F-CCBE-483B-BEC9-DEB22E4DEB46}.Debug|Any CPU.Build.0 = Debug|Any CPU
		{1DA8953F-CCBE-483B-BEC9-DEB22E4DEB46}.Release|Any CPU.ActiveCfg = Release|Any CPU
		{1DA8953F-CCBE-483B-BEC9-DEB22E4DEB46}.Release|Any CPU.Build.0 = Release|Any CPU
	EndGlobalSection
	GlobalSection(SolutionProperties) = preSolution
		HideSolutionNode = FALSE
	EndGlobalSection
	GlobalSection(ExtensibilityGlobals) = postSolution
		SolutionGuid = {13CF1D40-A52C-4854-BC05-6E92C8D66BDE}
	EndGlobalSection
EndGlobal
